
Microsoft Visual Studio Solution File, Format Version 12.00
# Visual Studio Version 17
VisualStudioVersion = 17.4.33103.184
MinimumVisualStudioVersion = 10.0.40219.1
Project("{FAE04EC0-301F-11D3-BF4B-00C04F79EFBC}") = "Last version", "Last version\Last version.csproj", "{0940E231-F74D-4D58-BF22-2F482E2ED23B}"
EndProject
Global
	GlobalSection(SolutionConfigurationPlatforms) = preSolution
		Debug|Any CPU = Debug|Any CPU
		Release|Any CPU = Release|Any CPU
	EndGlobalSection
	GlobalSection(ProjectConfigurationPlatforms) = postSolution
		{0940E231-F74D-4D58-BF22-2F482E2ED23B}.Debug|Any CPU.ActiveCfg = Debug|Any CPU
		{0940E231-F74D-4D58-BF22-2F482E2ED23B}.Debug|Any CPU.Build.0 = Debug|Any CPU
		{0940E231-F74D-4D58-BF22-2F482E2ED23B}.Release|Any CPU.ActiveCfg = Release|Any CPU
		{0940E231-F74D-4D58-BF22-2F482E2ED23B}.Release|Any CPU.Build.0 = Release|Any CPU
	EndGlobalSection
	GlobalSection(SolutionProperties) = preSolution
		HideSolutionNode = FALSE
	EndGlobalSection
	GlobalSection(ExtensibilityGlobals) = postSolution
		SolutionGuid = {9CD0A548-6CD6-4545-9558-5A1DC12F3FEE}
	EndGlobalSection
EndGlobal
